
Microsoft Visual Studio Solution File, Format Version 12.00
# Visual Studio Version 17
VisualStudioVersion = 17.8.34511.84
MinimumVisualStudioVersion = 10.0.40219.1
Project("{FAE04EC0-301F-11D3-BF4B-00C04F79EFBC}") = "qlsb_mini", "qlsb_mini\qlsb_mini.csproj", "{CC64B42B-DA90-444A-883C-04E579A15A2D}"
EndProject
Global
	GlobalSection(SolutionConfigurationPlatforms) = preSolution
		Debug|Any CPU = Debug|Any CPU
		Release|Any CPU = Release|Any CPU
	EndGlobalSection
	GlobalSection(ProjectConfigurationPlatforms) = postSolution
		{CC64B42B-DA90-444A-883C-04E579A15A2D}.Debug|Any CPU.ActiveCfg = Debug|Any CPU
		{CC64B42B-DA90-444A-883C-04E579A15A2D}.Debug|Any CPU.Build.0 = Debug|Any CPU
		{CC64B42B-DA90-444A-883C-04E579A15A2D}.Release|Any CPU.ActiveCfg = Release|Any CPU
		{CC64B42B-DA90-444A-883C-04E579A15A2D}.Release|Any CPU.Build.0 = Release|Any CPU
	EndGlobalSection
	GlobalSection(SolutionProperties) = preSolution
		HideSolutionNode = FALSE
	EndGlobalSection
	GlobalSection(ExtensibilityGlobals) = postSolution
		SolutionGuid = {6E4C1AB0-BE12-4C26-B596-A41DDAFF6C11}
	EndGlobalSection
EndGlobal
